// !$*UTF8*$!
{
	archiveVersion = 1;
	classes = {
	};
	objectVersion = 46;
	objects = {

/* Begin PBXBuildFile section */
		DCCF95E11E71D6720024F5D4 /* AppDelegate.swift in Sources */ = {isa = PBXBuildFile; fileRef = DCCF95E01E71D6720024F5D4 /* AppDelegate.swift */; };
		DCCF95E31E71D6720024F5D4 /* ViewController.swift in Sources */ = {isa = PBXBuildFile; fileRef = DCCF95E21E71D6720024F5D4 /* ViewController.swift */; };
		DCCF95E61E71D6720024F5D4 /* Main.storyboard in Resources */ = {isa = PBXBuildFile; fileRef = DCCF95E41E71D6720024F5D4 /* Main.storyboard */; };
		DCCF95E81E71D6720024F5D4 /* Assets.xcassets in Resources */ = {isa = PBXBuildFile; fileRef = DCCF95E71E71D6720024F5D4 /* Assets.xcassets */; };
		DCCF95EB1E71D6720024F5D4 /* LaunchScreen.storyboard in Resources */ = {isa = PBXBuildFile; fileRef = DCCF95E91E71D6720024F5D4 /* LaunchScreen.storyboard */; };
/* End PBXBuildFile section */

/* Begin PBXFileReference section */
		DCCF95DD1E71D6720024F5D4 /* PeticionServidor.app */ = {isa = PBXFileReference; explicitFileType = wrapper.application; includeInIndex = 0; path = PeticionServidor.app; sourceTree = BUILT_PRODUCTS_DIR; };
		DCCF95E01E71D6720024F5D4 /* AppDelegate.swift */ = {isa = PBXFileReference; lastKnownFileType = sourcecode.swift; path = AppDelegate.swift; sourceTree = "<group>"; };
		DCCF95E21E71D6720024F5D4 /* ViewController.swift */ = {isa = PBXFileReference; lastKnownFileType = sourcecode.swift; path = ViewController.swift; sourceTree = "<group>"; };
		DCCF95E51E71D6720024F5D4 /* Base */ = {isa = PBXFileReference; lastKnownFileType = file.storyboard; name = Base; path = Base.lproj/Main.storyboard; sourceTree = "<group>"; };
		DCCF95E71E71D6720024F5D4 /* Assets.xcassets */ = {isa = PBXFileReference; lastKnownFileType = folder.assetcatalog; path = Assets.xcassets; sourceTree = "<group>"; };
		DCCF95EA1E71D6720024F5D4 /* Base */ = {isa = PBXFileReference; lastKnownFileType = file.storyboard; name = Base; path = Base.lproj/LaunchScreen.storyboard; sourceTree = "<group>"; };
		DCCF95EC1E71D6720024F5D4 /* Info.plist */ = {isa = PBXFileReference; lastKnownFileType = text.plist.xml; path = Info.plist; sourceTree = "<group>"; };
/* End PBXFileReference section */

/* Begin PBXFrameworksBuildPhase section */
		DCCF95DA1E71D6720024F5D4 /* Frameworks */ = {
			isa = PBXFrameworksBuildPhase;
			buildActionMask = 2147483647;
			files = (
			);
			runOnlyForDeploymentPostprocessing = 0;
		};
/* End PBXFrameworksBuildPhase section */

/* Begin PBXGroup section */
		DCCF95D41E71D6720024F5D4 = {
			isa = PBXGroup;
			children = (
				DCCF95DF1E71D6720024F5D4 /* PeticionServidor */,
				DCCF95DE1E71D6720024F5D4 /* Products */,
			);
			sourceTree = "<group>";
		};
		DCCF95DE1E71D6720024F5D4 /* Products */ = {
			isa = PBXGroup;
			children = (
				DCCF95DD1E71D6720024F5D4 /* PeticionServidor.app */,
			);
			name = Products;
			sourceTree = "<group>";
		};
		DCCF95DF1E71D6720024F5D4 /* PeticionServidor */ = {
			isa = PBXGroup;
			children = (
				DCCF95E01E71D6720024F5D4 /* AppDelegate.swift */,
				DCCF95E21E71D6720024F5D4 /* ViewController.swift */,
				DCCF95E41E71D6720024F5D4 /* Main.storyboard */,
				DCCF95E71E71D6720024F5D4 /* Assets.xcassets */,
				DCCF95E91E71D6720024F5D4 /* LaunchScreen.storyboard */,
				DCCF95EC1E71D6720024F5D4 /* Info.plist */,
			);
			path = PeticionServidor;
			sourceTree = "<group>";
		};
/* End PBXGroup section */

/* Begin PBXNativeTarget section */
		DCCF95DC1E71D6720024F5D4 /* PeticionServidor */ = {
			isa = PBXNativeTarget;
			buildConfigurationList = DCCF95EF1E71D6720024F5D4 /* Build configuration list for PBXNativeTarget "PeticionServidor" */;
			buildPhases = (
				DCCF95D91E71D6720024F5D4 /* Sources */,
				DCCF95DA1E71D6720024F5D4 /* Frameworks */,
				DCCF95DB1E71D6720024F5D4 /* Resources */,
			);
			buildRules = (
			);
			dependencies = (
			);
			name = PeticionServidor;
			productName = PeticionServidor;
			productReference = DCCF95DD1E71D6720024F5D4 /* PeticionServidor.app */;
			productType = "com.apple.product-type.application";
		};
/* End PBXNativeTarget section */

/* Begin PBXProject section */
		DCCF95D51E71D6720024F5D4 /* Project object */ = {
			isa = PBXProject;
			attributes = {
				LastSwiftUpdateCheck = 0810;
				LastUpgradeCheck = 0810;
				ORGANIZATIONNAME = "JESSICA MENDOZA RUIZ";
				TargetAttributes = {
					DCCF95DC1E71D6720024F5D4 = {
						CreatedOnToolsVersion = 8.1;
						ProvisioningStyle = Automatic;
					};
				};
			};
			buildConfigurationList = DCCF95D81E71D6720024F5D4 /* Build configuration list for PBXProject "PeticionServidor" */;
			compatibilityVersion = "Xcode 3.2";
			developmentRegion = English;
			hasScannedForEncodings = 0;
			knownRegions = (
				en,
				Base,
			);
			mainGroup = DCCF95D41E71D6720024F5D4;
			productRefGroup = DCCF95DE1E71D6720024F5D4 /* Products */;
			projectDirPath = "";
			projectRoot = "";
			targets = (
				DCCF95DC1E71D6720024F5D4 /* PeticionServidor */,
			);
		};
/* End PBXProject section */

/* Begin PBXResourcesBuildPhase section */
		DCCF95DB1E71D6720024F5D4 /* Resources */ = {
			isa = PBXResourcesBuildPhase;
			buildActionMask = 2147483647;
			files = (
				DCCF95EB1E71D6720024F5D4 /* LaunchScreen.storyboard in Resources */,
				DCCF95E81E71D6720024F5D4 /* Assets.xcassets in Resources */,
				DCCF95E61E71D6720024F5D4 /* Main.storyboard in Resources */,
			);
			runOnlyForDeploymentPostprocessing = 0;
		};
/* End PBXResourcesBuildPhase section */

/* Begin PBXSourcesBuildPhase section */
		DCCF95D91E71D6720024F5D4 /* Sources */ = {
			isa = PBXSourcesBuildPhase;
			buildActionMask = 2147483647;
			files = (
				DCCF95E31E71D6720024F5D4 /* ViewController.swift in Sources */,
				DCCF95E11E71D6720024F5D4 /* AppDelegate.swift in Sources */,
			);
			runOnlyForDeploymentPostprocessing = 0;
		};
/* End PBXSourcesBuildPhase section */

/* Begin PBXVariantGroup section */
		DCCF95E41E71D6720024F5D4 /* Main.storyboard */ = {
			isa = PBXVariantGroup;
			children = (
				DCCF95E51E71D6720024F5D4 /* Base */,
			);
			name = Main.storyboard;
			sourceTree = "<group>";
		};
		DCCF95E91E71D6720024F5D4 /* LaunchScreen.storyboard */ = {
			isa = PBXVariantGroup;
			children = (
				DCCF95EA1E71D6720024F5D4 /* Base */,
			);
			name = LaunchScreen.storyboard;
			sourceTree = "<group>";
		};
/* End PBXVariantGroup section */

/* Begin XCBuildConfiguration section */
		DCCF95ED1E71D6720024F5D4 /* Debug */ = {
			isa = XCBuildConfiguration;
			buildSettings = {
				ALWAYS_SEARCH_USER_PATHS = NO;
				CLANG_ANALYZER_NONNULL = YES;
				CLANG_CXX_LANGUAGE_STANDARD = "gnu++0x";
				CLANG_CXX_LIBRARY = "libc++";
				CLANG_ENABLE_MODULES = YES;
				CLANG_ENABLE_OBJC_ARC = YES;
				CLANG_WARN_BOOL_CONVERSION = YES;
				CLANG_WARN_CONSTANT_CONVERSION = YES;
				CLANG_WARN_DIRECT_OBJC_ISA_USAGE = YES_ERROR;
				CLANG_WARN_DOCUMENTATION_COMMENTS = YES;
				CLANG_WARN_EMPTY_BODY = YES;
				CLANG_WARN_ENUM_CONVERSION = YES;
				CLANG_WARN_INFINITE_RECURSION = YES;
				CLANG_WARN_INT_CONVERSION = YES;
				CLANG_WARN_OBJC_ROOT_CLASS = YES_ERROR;
				CLANG_WARN_SUSPICIOUS_MOVES = YES;
				CLANG_WARN_UNREACHABLE_CODE = YES;
				CLANG_WARN__DUPLICATE_METHOD_MATCH = YES;
				"CODE_SIGN_IDENTITY[sdk=iphoneos*]" = "iPhone Developer";
				COPY_PHASE_STRIP = NO;
				DEBUG_INFORMATION_FORMAT = dwarf;
				ENABLE_STRICT_OBJC_MSGSEND = YES;
				ENABLE_TESTABILITY = YES;
				GCC_C_LANGUAGE_STANDARD = gnu99;
				GCC_DYNAMIC_NO_PIC = NO;
				GCC_NO_COMMON_BLOCKS = YES;
				GCC_OPTIMIZATION_LEVEL = 0;
				GCC_PREPROCESSOR_DEFINITIONS = (
					"DEBUG=1",
					"$(inherited)",
				);
				GCC_WARN_64_TO_32_BIT_CONVERSION = YES;
				GCC_WARN_ABOUT_RETURN_TYPE = YES_ERROR;
				GCC_WARN_UNDECLARED_SELECTOR = YES;
				GCC_WARN_UNINITIALIZED_AUTOS = YES_AGGRESSIVE;
				GCC_WARN_UNUSED_FUNCTION = YES;
				GCC_WARN_UNUSED_VARIABLE = YES;
				IPHONEOS_DEPLOYMENT_TARGET = 10.1;
				MTL_ENABLE_DEBUG_INFO = YES;
				ONLY_ACTIVE_ARCH = YES;
				SDKROOT = iphoneos;
				SWIFT_ACTIVE_COMPILATION_CONDITIONS = DEBUG;
				SWIFT_OPTIMIZATION_LEVEL = "-Onone";
				TARGETED_DEVICE_FAMILY = "1,2";
			};
			name = Debug;
		};
		DCCF95EE1E71D6720024F5D4 /* Release */ = {
			isa = XCBuildConfiguration;
			buildSettings = {
				ALWAYS_SEARCH_USER_PATHS = NO;
				CLANG_ANALYZER_NONNULL = YES;
				CLANG_CXX_LANGUAGE_STANDARD = "gnu++0x";
				CLANG_CXX_LIBRARY = "libc++";
				CLANG_ENABLE_MODULES = YES;
				CLANG_ENABLE_OBJC_ARC = YES;
				CLANG_WARN_BOOL_CONVERSION = YES;
				CLANG_WARN_CONSTANT_CONVERSION = YES;
				CLANG_WARN_DIRECT_OBJC_ISA_USAGE = YES_ERROR;
				CLANG_WARN_DOCUMENTATION_COMMENTS = YES;
				CLANG_WARN_EMPTY_BODY = YES;
				CLANG_WARN_ENUM_CONVERSION = YES;
				CLANG_WARN_INFINITE_RECURSION = YES;
				CLANG_WARN_INT_CONVERSION = YES;
				CLANG_WARN_OBJC_ROOT_CLASS = YES_ERROR;
				CLANG_WARN_SUSPICIOUS_MOVES = YES;
				CLANG_WARN_UNREACHABLE_CODE = YES;
				CLANG_WARN__DUPLICATE_METHOD_MATCH = YES;
				"CODE_SIGN_IDENTITY[sdk=iphoneos*]" = "iPhone Developer";
				COPY_PHASE_STRIP = NO;
				DEBUG_INFORMATION_FORMAT = "dwarf-with-dsym";
				ENABLE_NS_ASSERTIONS = NO;
				ENABLE_STRICT_OBJC_MSGSEND = YES;
				GCC_C_LANGUAGE_STANDARD = gnu99;
				GCC_NO_COMMON_BLOCKS = YES;
				GCC_WARN_64_TO_32_BIT_CONVERSION = YES;
				GCC_WARN_ABOUT_RETURN_TYPE = YES_ERROR;
				GCC_WARN_UNDECLARED_SELECTOR = YES;
				GCC_WARN_UNINITIALIZED_AUTOS = YES_AGGRESSIVE;
				GCC_WARN_UNUSED_FUNCTION = YES;
				GCC_WARN_UNUSED_VARIABLE = YES;
				IPHONEOS_DEPLOYMENT_TARGET = 10.1;
				MTL_ENABLE_DEBUG_INFO = NO;
				SDKROOT = iphoneos;
				SWIFT_OPTIMIZATION_LEVEL = "-Owholemodule";
				TARGETED_DEVICE_FAMILY = "1,2";
				VALIDATE_PRODUCT = YES;
			};
			name = Release;
		};
		DCCF95F01E71D6720024F5D4 /* Debug */ = {
			isa = XCBuildConfiguration;
			buildSettings = {
				ASSETCATALOG_COMPILER_APPICON_NAME = AppIcon;
				INFOPLIST_FILE = PeticionServidor/Info.plist;
				LD_RUNPATH_SEARCH_PATHS = "$(inherited) @executable_path/Frameworks";
				PRODUCT_BUNDLE_IDENTIFIER = j.PeticionServidor;
				PRODUCT_NAME = "$(TARGET_NAME)";
				SWIFT_VERSION = 3.0;
			};
			name = Debug;
		};
		DCCF95F11E71D6720024F5D4 /* Release */ = {
			isa = XCBuildConfiguration;
			buildSettings = {
				ASSETCATALOG_COMPILER_APPICON_NAME = AppIcon;
				INFOPLIST_FILE = PeticionServidor/Info.plist;
				LD_RUNPATH_SEARCH_PATHS = "$(inherited) @executable_path/Frameworks";
				PRODUCT_BUNDLE_IDENTIFIER = j.PeticionServidor;
				PRODUCT_NAME = "$(TARGET_NAME)";
				SWIFT_VERSION = 3.0;
			};
			name = Release;
		};
/* End XCBuildConfiguration section */

/* Begin XCConfigurationList section */
		DCCF95D81E71D6720024F5D4 /* Build configuration list for PBXProject "PeticionServidor" */ = {
			isa = XCConfigurationList;
			buildConfigurations = (
				DCCF95ED1E71D6720024F5D4 /* Debug */,
				DCCF95EE1E71D6720024F5D4 /* Release */,
			);
			defaultConfigurationIsVisible = 0;
			defaultConfigurationName = Release;
		};
		DCCF95EF1E71D6720024F5D4 /* Build configuration list for PBXNativeTarget "PeticionServidor" */ = {
			isa = XCConfigurationList;
			buildConfigurations = (
				DCCF95F01E71D6720024F5D4 /* Debug */,
				DCCF95F11E71D6720024F5D4 /* Release */,
			);
			defaultConfigurationIsVisible = 0;
		};
/* End XCConfigurationList section */
	};
	rootObject = DCCF95D51E71D6720024F5D4 /* Project object */;
}
